
Microsoft Visual Studio Solution File, Format Version 12.00
Project("{FAE04EC0-301F-11D3-BF4B-00C04F79EFBC}") = "MiranaCompiler", "MiranaCompiler\MiranaCompiler.csproj", "{738C84D3-F38D-4947-BF50-F570E73C9FA0}"
EndProject
Global
	GlobalSection(SolutionConfigurationPlatforms) = preSolution
		Debug|Any CPU = Debug|Any CPU
		Release|Any CPU = Release|Any CPU
	EndGlobalSection
	GlobalSection(ProjectConfigurationPlatforms) = postSolution
		{EE15BD3F-BAD1-490B-BBC4-521E46DB14A4}.Debug|Any CPU.ActiveCfg = Debug|Any CPU
		{EE15BD3F-BAD1-490B-BBC4-521E46DB14A4}.Debug|Any CPU.Build.0 = Debug|Any CPU
		{EE15BD3F-BAD1-490B-BBC4-521E46DB14A4}.Release|Any CPU.ActiveCfg = Release|Any CPU
		{EE15BD3F-BAD1-490B-BBC4-521E46DB14A4}.Release|Any CPU.Build.0 = Release|Any CPU
		{2DB58DFB-AB01-4F6B-B57B-0CC21A715A80}.Debug|Any CPU.ActiveCfg = Debug|Any CPU
		{2DB58DFB-AB01-4F6B-B57B-0CC21A715A80}.Debug|Any CPU.Build.0 = Debug|Any CPU
		{2DB58DFB-AB01-4F6B-B57B-0CC21A715A80}.Release|Any CPU.ActiveCfg = Release|Any CPU
		{2DB58DFB-AB01-4F6B-B57B-0CC21A715A80}.Release|Any CPU.Build.0 = Release|Any CPU
		{738C84D3-F38D-4947-BF50-F570E73C9FA0}.Debug|Any CPU.ActiveCfg = Debug|Any CPU
		{738C84D3-F38D-4947-BF50-F570E73C9FA0}.Debug|Any CPU.Build.0 = Debug|Any CPU
		{738C84D3-F38D-4947-BF50-F570E73C9FA0}.Release|Any CPU.ActiveCfg = Release|Any CPU
		{738C84D3-F38D-4947-BF50-F570E73C9FA0}.Release|Any CPU.Build.0 = Release|Any CPU
	EndGlobalSection
EndGlobal
